
Microsoft Visual Studio Solution File, Format Version 12.00
Project("{FAE04EC0-301F-11D3-BF4B-00C04F79EFBC}") = "laba3", "laba3\laba3.csproj", "{01D95AD8-8BA9-4D44-8145-4DD1B5D728E3}"
EndProject
Global
	GlobalSection(SolutionConfigurationPlatforms) = preSolution
		Debug|Any CPU = Debug|Any CPU
		Release|Any CPU = Release|Any CPU
	EndGlobalSection
	GlobalSection(ProjectConfigurationPlatforms) = postSolution
		{01D95AD8-8BA9-4D44-8145-4DD1B5D728E3}.Debug|Any CPU.ActiveCfg = Debug|Any CPU
		{01D95AD8-8BA9-4D44-8145-4DD1B5D728E3}.Debug|Any CPU.Build.0 = Debug|Any CPU
		{01D95AD8-8BA9-4D44-8145-4DD1B5D728E3}.Release|Any CPU.ActiveCfg = Release|Any CPU
		{01D95AD8-8BA9-4D44-8145-4DD1B5D728E3}.Release|Any CPU.Build.0 = Release|Any CPU
	EndGlobalSection
EndGlobal
